
Microsoft Visual Studio Solution File, Format Version 12.00
# Visual Studio 15
VisualStudioVersion = 15.0.27130.2010
MinimumVisualStudioVersion = 10.0.40219.1
Project("{F184B08F-C81C-45F6-A57F-5ABD9991F28F}") = "CLINICA VETERINARIA", "CLINICA VETERINARIA.vbproj", "{99F750E6-6B7F-476C-BE05-3E4C5276D635}"
EndProject
Global
	GlobalSection(SolutionConfigurationPlatforms) = preSolution
		Debug|Any CPU = Debug|Any CPU
		Release|Any CPU = Release|Any CPU
	EndGlobalSection
	GlobalSection(ProjectConfigurationPlatforms) = postSolution
		{99F750E6-6B7F-476C-BE05-3E4C5276D635}.Debug|Any CPU.ActiveCfg = Debug|Any CPU
		{99F750E6-6B7F-476C-BE05-3E4C5276D635}.Debug|Any CPU.Build.0 = Debug|Any CPU
		{99F750E6-6B7F-476C-BE05-3E4C5276D635}.Release|Any CPU.ActiveCfg = Release|Any CPU
		{99F750E6-6B7F-476C-BE05-3E4C5276D635}.Release|Any CPU.Build.0 = Release|Any CPU
	EndGlobalSection
	GlobalSection(SolutionProperties) = preSolution
		HideSolutionNode = FALSE
	EndGlobalSection
	GlobalSection(ExtensibilityGlobals) = postSolution
		SolutionGuid = {47FF9899-56C5-4473-B0E4-49C393E8ABD8}
	EndGlobalSection
EndGlobal
